
Microsoft Visual Studio Solution File, Format Version 12.00
# Visual Studio Version 17
VisualStudioVersion = 17.7.34221.43
MinimumVisualStudioVersion = 10.0.40219.1
Project("{FAE04EC0-301F-11D3-BF4B-00C04F79EFBC}") = "PowerCAT.PackageDeployer.Package", "PowerCAT.PackageDeployer.Package.csproj", "{79E4E6E4-EA74-493A-AE73-0C628F12C453}"
EndProject
Global
	GlobalSection(SolutionConfigurationPlatforms) = preSolution
		Debug|Any CPU = Debug|Any CPU
		Release|Any CPU = Release|Any CPU
	EndGlobalSection
	GlobalSection(ProjectConfigurationPlatforms) = postSolution
		{79E4E6E4-EA74-493A-AE73-0C628F12C453}.Debug|Any CPU.ActiveCfg = Debug|Any CPU
		{79E4E6E4-EA74-493A-AE73-0C628F12C453}.Debug|Any CPU.Build.0 = Debug|Any CPU
		{79E4E6E4-EA74-493A-AE73-0C628F12C453}.Release|Any CPU.ActiveCfg = Release|Any CPU
		{79E4E6E4-EA74-493A-AE73-0C628F12C453}.Release|Any CPU.Build.0 = Release|Any CPU
	EndGlobalSection
	GlobalSection(SolutionProperties) = preSolution
		HideSolutionNode = FALSE
	EndGlobalSection
	GlobalSection(ExtensibilityGlobals) = postSolution
		SolutionGuid = {EC03482C-2656-4B6D-959C-78D0631CF0A7}
	EndGlobalSection
EndGlobal
