
Microsoft Visual Studio Solution File, Format Version 12.00
# Visual Studio Version 17
VisualStudioVersion = 17.6.33829.357
MinimumVisualStudioVersion = 10.0.40219.1
Project("{9A19103F-16F7-4668-BE54-9A1E7A4F7556}") = "ApprovalsKit.Extensibility", "Plugins\ApprovalsKit.Extensibility.csproj", "{0969A74D-548F-47DC-8F85-3E331CB0EF54}"
EndProject
Project("{FAE04EC0-301F-11D3-BF4B-00C04F79EFBC}") = "ApprovalsKit.Extensibility.Tests", "..\ApprovalsKit.Extensibility.Tests\ApprovalsKit.Extensibility.Tests.csproj", "{5FFD328B-F6F8-4D10-889F-D093F4101AEF}"
EndProject
Global
	GlobalSection(SolutionConfigurationPlatforms) = preSolution
		Debug|Any CPU = Debug|Any CPU
		Release|Any CPU = Release|Any CPU
	EndGlobalSection
	GlobalSection(ProjectConfigurationPlatforms) = postSolution
		{0969A74D-548F-47DC-8F85-3E331CB0EF54}.Debug|Any CPU.ActiveCfg = Debug|Any CPU
		{0969A74D-548F-47DC-8F85-3E331CB0EF54}.Debug|Any CPU.Build.0 = Debug|Any CPU
		{0969A74D-548F-47DC-8F85-3E331CB0EF54}.Release|Any CPU.ActiveCfg = Release|Any CPU
		{0969A74D-548F-47DC-8F85-3E331CB0EF54}.Release|Any CPU.Build.0 = Release|Any CPU
		{5FFD328B-F6F8-4D10-889F-D093F4101AEF}.Debug|Any CPU.ActiveCfg = Debug|Any CPU
		{5FFD328B-F6F8-4D10-889F-D093F4101AEF}.Debug|Any CPU.Build.0 = Debug|Any CPU
		{5FFD328B-F6F8-4D10-889F-D093F4101AEF}.Release|Any CPU.ActiveCfg = Release|Any CPU
		{5FFD328B-F6F8-4D10-889F-D093F4101AEF}.Release|Any CPU.Build.0 = Release|Any CPU
	EndGlobalSection
	GlobalSection(SolutionProperties) = preSolution
		HideSolutionNode = FALSE
	EndGlobalSection
	GlobalSection(ExtensibilityGlobals) = postSolution
		SolutionGuid = {6A8C8315-1DD0-4EFB-9EB9-39764DF009C8}
	EndGlobalSection
EndGlobal
